version = 1
revision = 3
requires-python = ">=3.12"

[[package]]
name = "attrs"
version = "25.4.0"
source = { registry = "https://pypi.org/simple" }
sdist = { url = "https://files.pythonhosted.org/packages/6b/5c/685e6633917e101e5dcb62b9dd76946cbb57c26e133bae9e0cd36033c0a9/attrs-25.4.0.tar.gz", hash = "sha256:16d5969b87f0859ef33a48b35d55ac1be6e42ae49d5e853b597db70c35c57e11", size = 934251, upload-time = "2025-10-06T13:54:44.725Z" }
wheels = [
    { url = "https://files.pythonhosted.org/packages/3a/2a/7cc015f5b9f5db42b7d48157e23356022889fc354a2813c15934b7cb5c0e/attrs-25.4.0-py3-none-any.whl", hash = "sha256:adcf7e2a1fb3b36ac48d97835bb6d8ade15b8dcce26aba8bf1d14847b57a3373", size = 67615, upload-time = "2025-10-06T13:54:43.17Z" },
]

[[package]]
name = "cattrs"
version = "25.3.0"
source = { registry = "https://pypi.org/simple" }
dependencies = [
    { name = "attrs" },
    { name = "typing-extensions" },
]
sdist = { url = "https://files.pythonhosted.org/packages/6e/00/2432bb2d445b39b5407f0a90e01b9a271475eea7caf913d7a86bcb956385/cattrs-25.3.0.tar.gz", hash = "sha256:1ac88d9e5eda10436c4517e390a4142d88638fe682c436c93db7ce4a277b884a", size = 509321, upload-time = "2025-10-07T12:26:08.737Z" }
wheels = [
    { url = "https://files.pythonhosted.org/packages/d8/2b/a40e1488fdfa02d3f9a653a61a5935ea08b3c2225ee818db6a76c7ba9695/cattrs-25.3.0-py3-none-any.whl", hash = "sha256:9896e84e0a5bf723bc7b4b68f4481785367ce07a8a02e7e9ee6eb2819bc306ff", size = 70738, upload-time = "2025-10-07T12:26:06.603Z" },
]

[[package]]
name = "docstring-to-markdown"
version = "0.17"
source = { registry = "https://pypi.org/simple" }
dependencies = [
    { name = "importlib-metadata" },
    { name = "typing-extensions" },
]
sdist = { url = "https://files.pythonhosted.org/packages/52/d8/8abe80d62c5dce1075578031bcfde07e735bcf0afe2886dd48b470162ab4/docstring_to_markdown-0.17.tar.gz", hash = "sha256:df72a112294c7492487c9da2451cae0faeee06e86008245c188c5761c9590ca3", size = 32260, upload-time = "2025-05-02T15:09:07.932Z" }
wheels = [
    { url = "https://files.pythonhosted.org/packages/56/7b/af3d0da15bed3a8665419bb3a630585756920f4ad67abfdfef26240ebcc0/docstring_to_markdown-0.17-py3-none-any.whl", hash = "sha256:fd7d5094aa83943bf5f9e1a13701866b7c452eac19765380dead666e36d3711c", size = 23479, upload-time = "2025-05-02T15:09:06.676Z" },
]

[[package]]
name = "importlib-metadata"
version = "8.7.1"
source = { registry = "https://pypi.org/simple" }
dependencies = [
    { name = "zipp" },
]
sdist = { url = "https://files.pythonhosted.org/packages/f3/49/3b30cad09e7771a4982d9975a8cbf64f00d4a1ececb53297f1d9a7be1b10/importlib_metadata-8.7.1.tar.gz", hash = "sha256:49fef1ae6440c182052f407c8d34a68f72efc36db9ca90dc0113398f2fdde8bb", size = 57107, upload-time = "2025-12-21T10:00:19.278Z" }
wheels = [
    { url = "https://files.pythonhosted.org/packages/fa/5e/f8e9a1d23b9c20a551a8a02ea3637b4642e22c2626e3a13a9a29cdea99eb/importlib_metadata-8.7.1-py3-none-any.whl", hash = "sha256:5a1f80bf1daa489495071efbb095d75a634cf28a8bc299581244063b53176151", size = 27865, upload-time = "2025-12-21T10:00:18.329Z" },
]

[[package]]
name = "jedi"
version = "0.19.2"
source = { registry = "https://pypi.org/simple" }
dependencies = [
    { name = "parso" },
]
sdist = { url = "https://files.pythonhosted.org/packages/72/3a/79a912fbd4d8dd6fbb02bf69afd3bb72cf0c729bb3063c6f4498603db17a/jedi-0.19.2.tar.gz", hash = "sha256:4770dc3de41bde3966b02eb84fbcf557fb33cce26ad23da12c742fb50ecb11f0", size = 1231287, upload-time = "2024-11-11T01:41:42.873Z" }
wheels = [
    { url = "https://files.pythonhosted.org/packages/c0/5a/9cac0c82afec3d09ccd97c8b6502d48f165f9124db81b4bcb90b4af974ee/jedi-0.19.2-py2.py3-none-any.whl", hash = "sha256:a8ef22bde8490f57fe5c7681a3c83cb58874daf72b4784de3cce5b6ef6edb5b9", size = 1572278, upload-time = "2024-11-11T01:41:40.175Z" },
]

[[package]]
name = "jedi-language-server"
version = "0.46.0"
source = { registry = "https://pypi.org/simple" }
dependencies = [
    { name = "cattrs" },
    { name = "docstring-to-markdown" },
    { name = "jedi" },
    { name = "lsprotocol" },
    { name = "pygls" },
]
sdist = { url = "https://files.pythonhosted.org/packages/6e/63/2ae4466db0d5f723bb141990487a46f1add8f6449995172c7d45e6d37c66/jedi_language_server-0.46.0.tar.gz", hash = "sha256:b9ee7cce6cb2bd6fce11115906db41549d7e97b358e0818a23dca164ed0b961a", size = 34602, upload-time = "2025-10-25T20:45:40.647Z" }
wheels = [
    { url = "https://files.pythonhosted.org/packages/a0/06/c29fe15b67db3170e057376386a7643228b6bcea35df68e884475d8a7897/jedi_language_server-0.46.0-py3-none-any.whl", hash = "sha256:c8003c33a36de9998ac1c6e13ebe3d99b11d06046ae6307d75f54c73e9358ea7", size = 33769, upload-time = "2025-10-25T20:45:39.411Z" },
]

[[package]]
name = "lsprotocol"
version = "2025.0.0"
source = { registry = "https://pypi.org/simple" }
dependencies = [
    { name = "attrs" },
    { name = "cattrs" },
]
sdist = { url = "https://files.pythonhosted.org/packages/e9/26/67b84e6ec1402f0e6764ef3d2a0aaf9a79522cc1d37738f4e5bb0b21521a/lsprotocol-2025.0.0.tar.gz", hash = "sha256:e879da2b9301e82cfc3e60d805630487ac2f7ab17492f4f5ba5aaba94fe56c29", size = 74896, upload-time = "2025-06-17T21:30:18.156Z" }
wheels = [
    { url = "https://files.pythonhosted.org/packages/7b/f0/92f2d609d6642b5f30cb50a885d2bf1483301c69d5786286500d15651ef2/lsprotocol-2025.0.0-py3-none-any.whl", hash = "sha256:f9d78f25221f2a60eaa4a96d3b4ffae011b107537facee61d3da3313880995c7", size = 76250, upload-time = "2025-06-17T21:30:19.455Z" },
]

[[package]]
name = "parso"
version = "0.8.5"
source = { registry = "https://pypi.org/simple" }
sdist = { url = "https://files.pythonhosted.org/packages/d4/de/53e0bcf53d13e005bd8c92e7855142494f41171b34c2536b86187474184d/parso-0.8.5.tar.gz", hash = "sha256:034d7354a9a018bdce352f48b2a8a450f05e9d6ee85db84764e9b6bd96dafe5a", size = 401205, upload-time = "2025-08-23T15:15:28.028Z" }
wheels = [
    { url = "https://files.pythonhosted.org/packages/16/32/f8e3c85d1d5250232a5d3477a2a28cc291968ff175caeadaf3cc19ce0e4a/parso-0.8.5-py2.py3-none-any.whl", hash = "sha256:646204b5ee239c396d040b90f9e272e9a8017c630092bf59980beb62fd033887", size = 106668, upload-time = "2025-08-23T15:15:25.663Z" },
]

[[package]]
name = "pygls"
version = "2.0.0"
source = { registry = "https://pypi.org/simple" }
dependencies = [
    { name = "attrs" },
    { name = "cattrs" },
    { name = "lsprotocol" },
]
sdist = { url = "https://files.pythonhosted.org/packages/87/50/2bfc32f3acbc8941042919b59c9f592291127b55d7331b72e67ce7b62f08/pygls-2.0.0.tar.gz", hash = "sha256:99accd03de1ca76fe1e7e317f0968ebccf7b9955afed6e2e3e188606a20b4f07", size = 55796, upload-time = "2025-10-17T19:22:47.925Z" }
wheels = [
    { url = "https://files.pythonhosted.org/packages/cc/09/14feafc13bebb9c85b29b374889c1549d3700cb572f2d43a1bb940d70315/pygls-2.0.0-py3-none-any.whl", hash = "sha256:b4e54bba806f76781017ded8fd07463b98670f959042c44170cd362088b200cc", size = 69533, upload-time = "2025-10-17T19:22:46.63Z" },
]

[[package]]
name = "typing-extensions"
version = "4.15.0"
source = { registry = "https://pypi.org/simple" }
sdist = { url = "https://files.pythonhosted.org/packages/72/94/1a15dd82efb362ac84269196e94cf00f187f7ed21c242792a923cdb1c61f/typing_extensions-4.15.0.tar.gz", hash = "sha256:0cea48d173cc12fa28ecabc3b837ea3cf6f38c6d1136f85cbaaf598984861466", size = 109391, upload-time = "2025-08-25T13:49:26.313Z" }
wheels = [
    { url = "https://files.pythonhosted.org/packages/18/67/36e9267722cc04a6b9f15c7f3441c2363321a3ea07da7ae0c0707beb2a9c/typing_extensions-4.15.0-py3-none-any.whl", hash = "sha256:f0fa19c6845758ab08074a0cfa8b7aecb71c999ca73d62883bc25cc018c4e548", size = 44614, upload-time = "2025-08-25T13:49:24.86Z" },
]

[[package]]
name = "wifi-switch"
version = "0.1.0"
source = { virtual = "." }
dependencies = [
    { name = "jedi-language-server" },
]

[package.metadata]
requires-dist = [{ name = "jedi-language-server", specifier = ">=0.46.0" }]

[[package]]
name = "zipp"
version = "3.23.0"
source = { registry = "https://pypi.org/simple" }
sdist = { url = "https://files.pythonhosted.org/packages/e3/02/0f2892c661036d50ede074e376733dca2ae7c6eb617489437771209d4180/zipp-3.23.0.tar.gz", hash = "sha256:a07157588a12518c9d4034df3fbbee09c814741a33ff63c05fa29d26a2404166", size = 25547, upload-time = "2025-06-08T17:06:39.4Z" }
wheels = [
    { url = "https://files.pythonhosted.org/packages/2e/54/647ade08bf0db230bfea292f893923872fd20be6ac6f53b2b936ba839d75/zipp-3.23.0-py3-none-any.whl", hash = "sha256:071652d6115ed432f5ce1d34c336c0adfd6a884660d1e9712a256d3d3bd4b14e", size = 10276, upload-time = "2025-06-08T17:06:38.034Z" },
]
